
Microsoft Visual Studio Solution File, Format Version 12.00
# Visual Studio Version 17
VisualStudioVersion = 17.0.31903.59
MinimumVisualStudioVersion = 10.0.40219.1
Project("{2150E333-8FDC-42A3-9474-1A3956D46DE8}") = "src", "src", "{1C105680-54AB-480F-96EE-BC876B95B0CB}"
EndProject
Project("{FAE04EC0-301F-11D3-BF4B-00C04F79EFBC}") = "Api", "src\api\Api.csproj", "{6978211B-7B96-4653-B0ED-8C8A38416D96}"
EndProject
Global
	GlobalSection(SolutionConfigurationPlatforms) = preSolution
		Debug|Any CPU = Debug|Any CPU
		Release|Any CPU = Release|Any CPU
	EndGlobalSection
	GlobalSection(SolutionProperties) = preSolution
		HideSolutionNode = FALSE
	EndGlobalSection
	GlobalSection(ProjectConfigurationPlatforms) = postSolution
		{6978211B-7B96-4653-B0ED-8C8A38416D96}.Debug|Any CPU.ActiveCfg = Debug|Any CPU
		{6978211B-7B96-4653-B0ED-8C8A38416D96}.Debug|Any CPU.Build.0 = Debug|Any CPU
		{6978211B-7B96-4653-B0ED-8C8A38416D96}.Release|Any CPU.ActiveCfg = Release|Any CPU
		{6978211B-7B96-4653-B0ED-8C8A38416D96}.Release|Any CPU.Build.0 = Release|Any CPU
	EndGlobalSection
	GlobalSection(NestedProjects) = preSolution
		{6978211B-7B96-4653-B0ED-8C8A38416D96} = {1C105680-54AB-480F-96EE-BC876B95B0CB}
	EndGlobalSection
EndGlobal
